# This file is automatically @generated by Cargo.
# It is not intended for manual editing.
version = 4

[[package]]
name = "ferrox-traits"
version = "0.1.0"

[[patch.unused]]
name = "ferrox-webapp-macros"
version = "0.1.0"

[[patch.unused]]
name = "webapp-lib"
version = "0.1.0"

[[patch.unused]]
name = "auth-client"
version = "0.2.0"
